lockfileVersion: '9.0'

settings:
  autoInstallPeers: true
  excludeLinksFromLockfile: false

importers:

  .:
    dependencies:
      rolldown:
        specifier: 0.13.2-snapshot-351d2c7-20240924003425
        version: 0.13.2-snapshot-351d2c7-20240924003425

packages:

  '@emnapi/core@1.2.0':
    resolution: {integrity: sha512-E7Vgw78I93we4ZWdYCb4DGAwRROGkMIXk7/y87UmANR+J6qsWusmC3gLt0H+O0KOt5e6O38U8oJamgbudrES/w==}

  '@emnapi/runtime@1.2.0':
    resolution: {integrity: sha512-bV21/9LQmcQeCPEg3BDFtvwL6cwiTMksYNWQQ4KOxCZikEGalWtenoZ0wCiukJINlGCIi2KXx01g4FoH/LxpzQ==}

  '@emnapi/wasi-threads@1.0.1':
    resolution: {integrity: sha512-iIBu7mwkq4UQGeMEM8bLwNK962nXdhodeScX4slfQnRhEMMzvYivHhutCIk8uojvmASXXPC2WNEjwxFWk72Oqw==}

  '@napi-rs/wasm-runtime@0.2.4':
    resolution: {integrity: sha512-9zESzOO5aDByvhIAsOy9TbpZ0Ur2AJbUI7UT73kcUTS2mxAMHOBaa1st/jAymNoCtvrit99kkzT1FZuXVcgfIQ==}

  '@rolldown/binding-darwin-arm64@0.13.2-snapshot-351d2c7-20240924003425':
    resolution: {integrity: sha512-YW5j01XOTTJLIZ8Aq2hNh/UQWF2pHeKw4jcMkV/o8bwh6YrNCqPcmymBooYqYSWhZn13xyRP1JqU6i7+ABIZGw==}
    cpu: [arm64]
    os: [darwin]

  '@rolldown/binding-darwin-x64@0.13.2-snapshot-351d2c7-20240924003425':
    resolution: {integrity: sha512-vbrkOqfWiMxPG6GVXTMVDjIpQ4bF6o+PXqzG64MhDgXu0OAsGf0toJ1/3+2iq9BihneC25oMzrreXwVdLxTk6A==}
    cpu: [x64]
    os: [darwin]

  '@rolldown/binding-freebsd-x64@0.13.2-snapshot-351d2c7-20240924003425':
    resolution: {integrity: sha512-Oz5O/wvMxsqO2QTNT0A7k6D+Rej/o+fOylnPkrLDt3n1mqwD14gLKcnO3fAtsPPgqYK+1xliSHyOkVXM3a8sCg==}
    cpu: [x64]
    os: [freebsd]

  '@rolldown/binding-linux-arm-gnueabihf@0.13.2-snapshot-351d2c7-20240924003425':
    resolution: {integrity: sha512-lOsRhnMWTcg2n6+eVChsBV1YrBcokXV09FBG8jJpkwgdA3hmiOGfe+B/UmT5nsmdSjCXXjBovUPKQO2/5l/fhw==}
    cpu: [arm]
    os: [linux]

  '@rolldown/binding-linux-arm64-gnu@0.13.2-snapshot-351d2c7-20240924003425':
    resolution: {integrity: sha512-nsmY08xmkVhdUQgMmaUDEhgc6ylmXaWjQg9716EtPyc941LEygGsYubjgi8qusTP9DE2ipXSd9+0Nb8RsjT3qg==}
    cpu: [arm64]
    os: [linux]

  '@rolldown/binding-linux-arm64-musl@0.13.2-snapshot-351d2c7-20240924003425':
    resolution: {integrity: sha512-RMZTh9F51CPGGI+TVH/U3viQ0wtSRcDr/3Fza/GHlMzjn9vOMq2F7SGhYnibmnaVSQElxUqSN5Al/FBuXtZUJg==}
    cpu: [arm64]
    os: [linux]

  '@rolldown/binding-linux-x64-gnu@0.13.2-snapshot-351d2c7-20240924003425':
    resolution: {integrity: sha512-RsI8F52ThCZVq3RhFWSMhS6n2xNTuzFDWf/dpanXZvAq6S/w71pTJAFKCor4fReWnGvpJFngK7DJDLVeh4HtCg==}
    cpu: [x64]
    os: [linux]

  '@rolldown/binding-linux-x64-musl@0.13.2-snapshot-351d2c7-20240924003425':
    resolution: {integrity: sha512-/TurMgA9oXkuMglO+NhTigiaBey/YMrigwOPd+bDxsr20gScdLE1qV8CglqcCz6fSxi9Yt80TFOZACkQZfsFzg==}
    cpu: [x64]
    os: [linux]

  '@rolldown/binding-wasm32-wasi@0.13.2-snapshot-351d2c7-20240924003425':
    resolution: {integrity: sha512-As/T7nw2tl30fZOQcK0GWVKH1m8ob/nBc6PoErDUpBqUUh5suJp9SeqN0miRr4EhvWpRb7n3s2Srnmge/raa8Q==}
    engines: {node: '>=14.21.3'}
    cpu: [wasm32]

  '@rolldown/binding-win32-arm64-msvc@0.13.2-snapshot-351d2c7-20240924003425':
    resolution: {integrity: sha512-hfU/9jxrXY1PqxrNk1XMRlukA8FSwdugn0TokAZvR2pzLOr8hfCpd0VYmSBKBY2Rl3piXyjcWHBWAzRCOCA8SQ==}
    cpu: [arm64]
    os: [win32]

  '@rolldown/binding-win32-ia32-msvc@0.13.2-snapshot-351d2c7-20240924003425':
    resolution: {integrity: sha512-WPNEYbnnuzurICVNXUkctVkMqBEp9ox5hNCmm0wPYGsU4xu047vYnRiwZ0CzTZf4Z6jFPqVcMD1Y5/rFN7bI6w==}
    cpu: [ia32]
    os: [win32]

  '@rolldown/binding-win32-x64-msvc@0.13.2-snapshot-351d2c7-20240924003425':
    resolution: {integrity: sha512-XG0IDTt79Tismowiu/+zpmgTnkkN8cx1xspdVpLlLFznbBVwqYWuhZCiumhyji8vX4iJrLYCf8umJUG7397ULg==}
    cpu: [x64]
    os: [win32]

  '@tybys/wasm-util@0.9.0':
    resolution: {integrity: sha512-6+7nlbMVX/PVDCwaIQ8nTOPveOcFLSt8GcXdx8hD0bt39uWxYT88uXzqTd4fTvqta7oeUJqudepapKNt2DYJFw==}

  rolldown@0.13.2-snapshot-351d2c7-20240924003425:
    resolution: {integrity: sha512-pMNdJSjP7be03L3HI/CYDpLTzbu99BoFUeaK81yhupy/3w5Oc1RR+x2Blka+OY7sVtCU1XdPi6ynwQrULofOoQ==}
    hasBin: true

  tslib@2.7.0:
    resolution: {integrity: sha512-gLXCKdN1/j47AiHiOkJN69hJmcbGTHI0ImLmbYLHykhgeN0jVGola9yVjFgzCUklsZQMW55o+dW7IXv3RCXDzA==}

  zod@3.23.8:
    resolution: {integrity: sha512-XBx9AXhXktjUqnepgTiE5flcKIYWi/rme0Eaj+5Y0lftuGBq+jyRu/md4WnuxqgP1ubdpNCsYEYPxrzVHD8d6g==}

snapshots:

  '@emnapi/core@1.2.0':
    dependencies:
      '@emnapi/wasi-threads': 1.0.1
      tslib: 2.7.0
    optional: true

  '@emnapi/runtime@1.2.0':
    dependencies:
      tslib: 2.7.0
    optional: true

  '@emnapi/wasi-threads@1.0.1':
    dependencies:
      tslib: 2.7.0
    optional: true

  '@napi-rs/wasm-runtime@0.2.4':
    dependencies:
      '@emnapi/core': 1.2.0
      '@emnapi/runtime': 1.2.0
      '@tybys/wasm-util': 0.9.0
    optional: true

  '@rolldown/binding-darwin-arm64@0.13.2-snapshot-351d2c7-20240924003425':
    optional: true

  '@rolldown/binding-darwin-x64@0.13.2-snapshot-351d2c7-20240924003425':
    optional: true

  '@rolldown/binding-freebsd-x64@0.13.2-snapshot-351d2c7-20240924003425':
    optional: true

  '@rolldown/binding-linux-arm-gnueabihf@0.13.2-snapshot-351d2c7-20240924003425':
    optional: true

  '@rolldown/binding-linux-arm64-gnu@0.13.2-snapshot-351d2c7-20240924003425':
    optional: true

  '@rolldown/binding-linux-arm64-musl@0.13.2-snapshot-351d2c7-20240924003425':
    optional: true

  '@rolldown/binding-linux-x64-gnu@0.13.2-snapshot-351d2c7-20240924003425':
    optional: true

  '@rolldown/binding-linux-x64-musl@0.13.2-snapshot-351d2c7-20240924003425':
    optional: true

  '@rolldown/binding-wasm32-wasi@0.13.2-snapshot-351d2c7-20240924003425':
    dependencies:
      '@napi-rs/wasm-runtime': 0.2.4
    optional: true

  '@rolldown/binding-win32-arm64-msvc@0.13.2-snapshot-351d2c7-20240924003425':
    optional: true

  '@rolldown/binding-win32-ia32-msvc@0.13.2-snapshot-351d2c7-20240924003425':
    optional: true

  '@rolldown/binding-win32-x64-msvc@0.13.2-snapshot-351d2c7-20240924003425':
    optional: true

  '@tybys/wasm-util@0.9.0':
    dependencies:
      tslib: 2.7.0
    optional: true

  rolldown@0.13.2-snapshot-351d2c7-20240924003425:
    dependencies:
      zod: 3.23.8
    optionalDependencies:
      '@rolldown/binding-darwin-arm64': 0.13.2-snapshot-351d2c7-20240924003425
      '@rolldown/binding-darwin-x64': 0.13.2-snapshot-351d2c7-20240924003425
      '@rolldown/binding-freebsd-x64': 0.13.2-snapshot-351d2c7-20240924003425
      '@rolldown/binding-linux-arm-gnueabihf': 0.13.2-snapshot-351d2c7-20240924003425
      '@rolldown/binding-linux-arm64-gnu': 0.13.2-snapshot-351d2c7-20240924003425
      '@rolldown/binding-linux-arm64-musl': 0.13.2-snapshot-351d2c7-20240924003425
      '@rolldown/binding-linux-x64-gnu': 0.13.2-snapshot-351d2c7-20240924003425
      '@rolldown/binding-linux-x64-musl': 0.13.2-snapshot-351d2c7-20240924003425
      '@rolldown/binding-wasm32-wasi': 0.13.2-snapshot-351d2c7-20240924003425
      '@rolldown/binding-win32-arm64-msvc': 0.13.2-snapshot-351d2c7-20240924003425
      '@rolldown/binding-win32-ia32-msvc': 0.13.2-snapshot-351d2c7-20240924003425
      '@rolldown/binding-win32-x64-msvc': 0.13.2-snapshot-351d2c7-20240924003425

  tslib@2.7.0:
    optional: true

  zod@3.23.8: {}
