lockfileVersion: '9.0'

settings:
  autoInstallPeers: true
  excludeLinksFromLockfile: false

importers:

  .:
    dependencies:
      '@vue/consolidate':
        specifier: ^1.0.0
        version: 1.0.0
      rolldown:
        specifier: nightly
        version: 0.12.2-snapshot-29d29ba-20240809002935

packages:

  '@emnapi/core@1.2.0':
    resolution: {integrity: sha512-E7Vgw78I93we4ZWdYCb4DGAwRROGkMIXk7/y87UmANR+J6qsWusmC3gLt0H+O0KOt5e6O38U8oJamgbudrES/w==}

  '@emnapi/runtime@1.2.0':
    resolution: {integrity: sha512-bV21/9LQmcQeCPEg3BDFtvwL6cwiTMksYNWQQ4KOxCZikEGalWtenoZ0wCiukJINlGCIi2KXx01g4FoH/LxpzQ==}

  '@emnapi/wasi-threads@1.0.1':
    resolution: {integrity: sha512-iIBu7mwkq4UQGeMEM8bLwNK962nXdhodeScX4slfQnRhEMMzvYivHhutCIk8uojvmASXXPC2WNEjwxFWk72Oqw==}

  '@napi-rs/wasm-runtime@0.2.4':
    resolution: {integrity: sha512-9zESzOO5aDByvhIAsOy9TbpZ0Ur2AJbUI7UT73kcUTS2mxAMHOBaa1st/jAymNoCtvrit99kkzT1FZuXVcgfIQ==}

  '@rolldown/binding-darwin-arm64@0.12.2-snapshot-29d29ba-20240809002935':
    resolution: {integrity: sha512-H02nddYCRDgDPhPZz3lkbANWgm9X2znIyqiuowPMiUxlnYQ/wDar+qVzc0bf2tfi0YeqfJyI91zab8IwoyRn7g==}
    cpu: [arm64]
    os: [darwin]

  '@rolldown/binding-darwin-x64@0.12.2-snapshot-29d29ba-20240809002935':
    resolution: {integrity: sha512-efdP+JLpcjIR6vngjVEtoH/E+okdqJMNbj/gxSVccTgSQd1n3VvncsVLIQIec6z86Aj7ArFsqOtVgNF8GKCJmQ==}
    cpu: [x64]
    os: [darwin]

  '@rolldown/binding-freebsd-x64@0.12.2-snapshot-29d29ba-20240809002935':
    resolution: {integrity: sha512-4PFTWTLGI7TDh0to0gngiGRHAJTHOj5XyZjpDaJtRp27reXdhTe5Gny/uBdS5WK0ak0fVol2FnV7UhiNSSuNGQ==}
    cpu: [x64]
    os: [freebsd]

  '@rolldown/binding-linux-arm-gnueabihf@0.12.2-snapshot-29d29ba-20240809002935':
    resolution: {integrity: sha512-+ajMcsN3IE0x3xpUPWwazQmZrLB/LMArAv0FoIHvrz5tWd8tgWd7u60Po6e3Mcy9BMYr1yY79J8ivDHvy4E50w==}
    cpu: [arm]
    os: [linux]

  '@rolldown/binding-linux-arm64-gnu@0.12.2-snapshot-29d29ba-20240809002935':
    resolution: {integrity: sha512-NyBJbQ7/oBjwlhdmVZJGRwVhL8aghlKW+RVzQlawLAPm0oF7ST4oLHgoHQwq7LKcNFvpQEWSCluEGjFMVoWWKg==}
    cpu: [arm64]
    os: [linux]

  '@rolldown/binding-linux-arm64-musl@0.12.2-snapshot-29d29ba-20240809002935':
    resolution: {integrity: sha512-AWZJYqHuDpBCpD90OG4oWoyn1HSiMVujctz2vLRMjAzMoL6O8Pnq0bkBrOGDJdNLuC8e1x4iw1eF870BFYvobg==}
    cpu: [arm64]
    os: [linux]

  '@rolldown/binding-linux-x64-gnu@0.12.2-snapshot-29d29ba-20240809002935':
    resolution: {integrity: sha512-RwKKZiemlhlydqEmdWf1Qk+F2FwNE7Q0pGuzOgVwAGJGc3dMWGMmII3CC2J7nBvgpvOe4wqtbSNDmHqxiBgrXg==}
    cpu: [x64]
    os: [linux]

  '@rolldown/binding-linux-x64-musl@0.12.2-snapshot-29d29ba-20240809002935':
    resolution: {integrity: sha512-aZjJfarjxyyBLhfAWQPKy0oV/82UBqZ/jmiI/YwR0stW9eKIq2jnvWxGyhKm8l2fXZm9bNXiskSK4abI4EBD1A==}
    cpu: [x64]
    os: [linux]

  '@rolldown/binding-wasm32-wasi@0.12.2-snapshot-29d29ba-20240809002935':
    resolution: {integrity: sha512-mqUVk8cVAi2H7LrgRBMDVYgpOfKTP3inQQSObgvzV2j9IAQytK4KFCpueGBX1eqG/xK+LMOCfanCqeRKTGuBMA==}
    engines: {node: '>=14.21.3'}
    cpu: [wasm32]

  '@rolldown/binding-win32-arm64-msvc@0.12.2-snapshot-29d29ba-20240809002935':
    resolution: {integrity: sha512-VOV88Yr9buSbur6Jt54ztSzPd9G3XaEv1pK8Ep+ioB4ALSvoF8pztPHE6RxawypGhBUI4v+xTqrXyWP4dz657w==}
    cpu: [arm64]
    os: [win32]

  '@rolldown/binding-win32-ia32-msvc@0.12.2-snapshot-29d29ba-20240809002935':
    resolution: {integrity: sha512-3z53y03QyifKZZSNZNYZJAKjNyI3lUxIN713plglICfAwCZsblA/ncz/+B+2RSDvh6cHcibFsDVYE3zG0qFkcA==}
    cpu: [ia32]
    os: [win32]

  '@rolldown/binding-win32-x64-msvc@0.12.2-snapshot-29d29ba-20240809002935':
    resolution: {integrity: sha512-0si00AVsebMELXqxP8NYbKs2Z18jqvvRRX31zOinYAoxaOurB08fjs+LpIwaDO7f7zMTgehQoymt6cZPpvZksw==}
    cpu: [x64]
    os: [win32]

  '@tybys/wasm-util@0.9.0':
    resolution: {integrity: sha512-6+7nlbMVX/PVDCwaIQ8nTOPveOcFLSt8GcXdx8hD0bt39uWxYT88uXzqTd4fTvqta7oeUJqudepapKNt2DYJFw==}

  '@vue/consolidate@1.0.0':
    resolution: {integrity: sha512-oTyUE+QHIzLw2PpV14GD/c7EohDyP64xCniWTcqcEmTd699eFqTIwOmtDYjcO1j3QgdXoJEoWv1/cCdLrRoOfg==}
    engines: {node: '>= 0.12.0'}

  rolldown@0.12.2-snapshot-29d29ba-20240809002935:
    resolution: {integrity: sha512-AVIA8CYH24D/g7f+29USZCf9CkSbxmTOvZg1666gxb1/W1VQm2+N534ZTWDdai6DgmQpmt7oIbzk7E9Hvi0shQ==}
    hasBin: true

  tslib@2.6.3:
    resolution: {integrity: sha512-xNvxJEOUiWPGhUuUdQgAJPKOOJfGnIyKySOc09XkKsgdUV/3E2zvwZYdejjmRgPCgcym1juLH3226yA7sEFJKQ==}

  zod@3.23.8:
    resolution: {integrity: sha512-XBx9AXhXktjUqnepgTiE5flcKIYWi/rme0Eaj+5Y0lftuGBq+jyRu/md4WnuxqgP1ubdpNCsYEYPxrzVHD8d6g==}

snapshots:

  '@emnapi/core@1.2.0':
    dependencies:
      '@emnapi/wasi-threads': 1.0.1
      tslib: 2.6.3
    optional: true

  '@emnapi/runtime@1.2.0':
    dependencies:
      tslib: 2.6.3
    optional: true

  '@emnapi/wasi-threads@1.0.1':
    dependencies:
      tslib: 2.6.3
    optional: true

  '@napi-rs/wasm-runtime@0.2.4':
    dependencies:
      '@emnapi/core': 1.2.0
      '@emnapi/runtime': 1.2.0
      '@tybys/wasm-util': 0.9.0
    optional: true

  '@rolldown/binding-darwin-arm64@0.12.2-snapshot-29d29ba-20240809002935':
    optional: true

  '@rolldown/binding-darwin-x64@0.12.2-snapshot-29d29ba-20240809002935':
    optional: true

  '@rolldown/binding-freebsd-x64@0.12.2-snapshot-29d29ba-20240809002935':
    optional: true

  '@rolldown/binding-linux-arm-gnueabihf@0.12.2-snapshot-29d29ba-20240809002935':
    optional: true

  '@rolldown/binding-linux-arm64-gnu@0.12.2-snapshot-29d29ba-20240809002935':
    optional: true

  '@rolldown/binding-linux-arm64-musl@0.12.2-snapshot-29d29ba-20240809002935':
    optional: true

  '@rolldown/binding-linux-x64-gnu@0.12.2-snapshot-29d29ba-20240809002935':
    optional: true

  '@rolldown/binding-linux-x64-musl@0.12.2-snapshot-29d29ba-20240809002935':
    optional: true

  '@rolldown/binding-wasm32-wasi@0.12.2-snapshot-29d29ba-20240809002935':
    dependencies:
      '@napi-rs/wasm-runtime': 0.2.4
    optional: true

  '@rolldown/binding-win32-arm64-msvc@0.12.2-snapshot-29d29ba-20240809002935':
    optional: true

  '@rolldown/binding-win32-ia32-msvc@0.12.2-snapshot-29d29ba-20240809002935':
    optional: true

  '@rolldown/binding-win32-x64-msvc@0.12.2-snapshot-29d29ba-20240809002935':
    optional: true

  '@tybys/wasm-util@0.9.0':
    dependencies:
      tslib: 2.6.3
    optional: true

  '@vue/consolidate@1.0.0': {}

  rolldown@0.12.2-snapshot-29d29ba-20240809002935:
    dependencies:
      zod: 3.23.8
    optionalDependencies:
      '@rolldown/binding-darwin-arm64': 0.12.2-snapshot-29d29ba-20240809002935
      '@rolldown/binding-darwin-x64': 0.12.2-snapshot-29d29ba-20240809002935
      '@rolldown/binding-freebsd-x64': 0.12.2-snapshot-29d29ba-20240809002935
      '@rolldown/binding-linux-arm-gnueabihf': 0.12.2-snapshot-29d29ba-20240809002935
      '@rolldown/binding-linux-arm64-gnu': 0.12.2-snapshot-29d29ba-20240809002935
      '@rolldown/binding-linux-arm64-musl': 0.12.2-snapshot-29d29ba-20240809002935
      '@rolldown/binding-linux-x64-gnu': 0.12.2-snapshot-29d29ba-20240809002935
      '@rolldown/binding-linux-x64-musl': 0.12.2-snapshot-29d29ba-20240809002935
      '@rolldown/binding-wasm32-wasi': 0.12.2-snapshot-29d29ba-20240809002935
      '@rolldown/binding-win32-arm64-msvc': 0.12.2-snapshot-29d29ba-20240809002935
      '@rolldown/binding-win32-ia32-msvc': 0.12.2-snapshot-29d29ba-20240809002935
      '@rolldown/binding-win32-x64-msvc': 0.12.2-snapshot-29d29ba-20240809002935

  tslib@2.6.3:
    optional: true

  zod@3.23.8: {}
