lockfileVersion: '9.0'

settings:
  autoInstallPeers: true
  excludeLinksFromLockfile: false

importers:

  .:
    dependencies:
      rolldown:
        specifier: 0.13.2-snapshot-88bcdcf-20241005003245
        version: 0.13.2-snapshot-88bcdcf-20241005003245

packages:

  '@emnapi/core@1.3.0':
    resolution: {integrity: sha512-9hRqVlhwqBqCoToZ3hFcNVqL+uyHV06Y47ax4UB8L6XgVRqYz7MFnfessojo6+5TK89pKwJnpophwjTMOeKI9Q==}

  '@emnapi/runtime@1.3.0':
    resolution: {integrity: sha512-XMBySMuNZs3DM96xcJmLW4EfGnf+uGmFNjzpehMjuX5PLB5j87ar2Zc4e3PVeZ3I5g3tYtAqskB28manlF69Zw==}

  '@emnapi/wasi-threads@1.0.1':
    resolution: {integrity: sha512-iIBu7mwkq4UQGeMEM8bLwNK962nXdhodeScX4slfQnRhEMMzvYivHhutCIk8uojvmASXXPC2WNEjwxFWk72Oqw==}

  '@napi-rs/wasm-runtime@0.2.5':
    resolution: {integrity: sha512-kwUxR7J9WLutBbulqg1dfOrMTwhMdXLdcGUhcbCcGwnPLt3gz19uHVdwH1syKVDbE022ZS2vZxOWflFLS0YTjw==}

  '@rolldown/binding-darwin-arm64@0.13.2-snapshot-88bcdcf-20241005003245':
    resolution: {integrity: sha512-cLk+qnG2q6D5pkb2h7k2uzFFJ4m1Qize/I4fdMTZIbnBNoJ3sWQN242fO+CrYnYcM9ZQwG+J4vhn6MburS0eDg==}
    cpu: [arm64]
    os: [darwin]

  '@rolldown/binding-darwin-x64@0.13.2-snapshot-88bcdcf-20241005003245':
    resolution: {integrity: sha512-a9AGwDBgnZrogaNUaGbozCgU1B1OUpac/bYvzr5Tan2c7A9uvLvzX61+AADIHv5BttKfWr5PEwLlLU4FykJuQg==}
    cpu: [x64]
    os: [darwin]

  '@rolldown/binding-freebsd-x64@0.13.2-snapshot-88bcdcf-20241005003245':
    resolution: {integrity: sha512-o9bUU2g8ItFziatHmiItkpImq4kc/bXq+WL7IGenzbCAeOfjReqTmW58q5CEf2ksdaGmiiSx7G8X8rTH2NuioA==}
    cpu: [x64]
    os: [freebsd]

  '@rolldown/binding-linux-arm-gnueabihf@0.13.2-snapshot-88bcdcf-20241005003245':
    resolution: {integrity: sha512-NxmPv/2k8MbHMNXoGfxVG8Q+jP7h49eDojhFsZ5A+xU5itlP+/D9Hq+47MLQgmkyVjxmawEZhZSEgLqPt9froA==}
    cpu: [arm]
    os: [linux]

  '@rolldown/binding-linux-arm64-gnu@0.13.2-snapshot-88bcdcf-20241005003245':
    resolution: {integrity: sha512-vrZxjBDXFJ573tqP/lL8qzKX2gCgxdpOyLV66D6mo//8tnuCS808+paAmS666Jpx/eXSjTxnXmb0cH0dcmoR6A==}
    cpu: [arm64]
    os: [linux]

  '@rolldown/binding-linux-arm64-musl@0.13.2-snapshot-88bcdcf-20241005003245':
    resolution: {integrity: sha512-gM9ldnSr0ukQL75QNe9tWts5NMZIpeKRxK15YoY9sv8qWHy9tyGO6+NNiEuwcCok8XPvN1HocqvFskxyv6rAHg==}
    cpu: [arm64]
    os: [linux]

  '@rolldown/binding-linux-x64-gnu@0.13.2-snapshot-88bcdcf-20241005003245':
    resolution: {integrity: sha512-UUHxsX8MaVyoYdo75McZo2ZExcNw75UvNc++ft92/Du7s2YfTYrGZWM25E3XAclDbq8XlWcdsdVQSwfQg2bcYw==}
    cpu: [x64]
    os: [linux]

  '@rolldown/binding-linux-x64-musl@0.13.2-snapshot-88bcdcf-20241005003245':
    resolution: {integrity: sha512-jCl3ZRQ4Xn0RHMw8qH9yhhTqrWTTXSCK5PZivdEQ9ctXtiNZcJbZmhEdoiWt9EUBjGAYc9MG0QnSxeD5oPYimw==}
    cpu: [x64]
    os: [linux]

  '@rolldown/binding-wasm32-wasi@0.13.2-snapshot-88bcdcf-20241005003245':
    resolution: {integrity: sha512-xeDeZAq5SlPWoSzcHWjJfoKlAKByR9aiQDqckJba6CYKYgsBUC5PD5GwhfmjZRZMpO5wEitlzQobTGLwNB6mVg==}
    engines: {node: '>=14.21.3'}
    cpu: [wasm32]

  '@rolldown/binding-win32-arm64-msvc@0.13.2-snapshot-88bcdcf-20241005003245':
    resolution: {integrity: sha512-7vowfQEURxSUGIAzbWKYRVjoaKYCa/VnXvtKXVqzC9ncDxkciiz75FsuzXJcNOUUDsC1TwtRKtVGN/gM77EKtg==}
    cpu: [arm64]
    os: [win32]

  '@rolldown/binding-win32-ia32-msvc@0.13.2-snapshot-88bcdcf-20241005003245':
    resolution: {integrity: sha512-dWSSkd3bsvPcfBQ2U/pASLlxIpJ1r0FkHn5//gX9ZhtKnQr8016XLIzShykGagsqqNSAKB4XL7VTpLiT7a7gWA==}
    cpu: [ia32]
    os: [win32]

  '@rolldown/binding-win32-x64-msvc@0.13.2-snapshot-88bcdcf-20241005003245':
    resolution: {integrity: sha512-FgA8vw78aoN9gXy1F870ygY0UH8bOYGHxaDifxV1E2Z4LYpcw5j4u1csGDqEuGwK7CCMxo7jGtxiMEg44n1Qxw==}
    cpu: [x64]
    os: [win32]

  '@tybys/wasm-util@0.9.0':
    resolution: {integrity: sha512-6+7nlbMVX/PVDCwaIQ8nTOPveOcFLSt8GcXdx8hD0bt39uWxYT88uXzqTd4fTvqta7oeUJqudepapKNt2DYJFw==}

  rolldown@0.13.2-snapshot-88bcdcf-20241005003245:
    resolution: {integrity: sha512-5XBv8rhscITA9ijexVPteY8ZxIw+VviF/J0g4STtrBR2K+tGTqBsRGQIxaiVYhPkntV5yAKhcHCSvu0MrR4Ifw==}
    hasBin: true

  tslib@2.7.0:
    resolution: {integrity: sha512-gLXCKdN1/j47AiHiOkJN69hJmcbGTHI0ImLmbYLHykhgeN0jVGola9yVjFgzCUklsZQMW55o+dW7IXv3RCXDzA==}

  zod@3.23.8:
    resolution: {integrity: sha512-XBx9AXhXktjUqnepgTiE5flcKIYWi/rme0Eaj+5Y0lftuGBq+jyRu/md4WnuxqgP1ubdpNCsYEYPxrzVHD8d6g==}

snapshots:

  '@emnapi/core@1.3.0':
    dependencies:
      '@emnapi/wasi-threads': 1.0.1
      tslib: 2.7.0
    optional: true

  '@emnapi/runtime@1.3.0':
    dependencies:
      tslib: 2.7.0
    optional: true

  '@emnapi/wasi-threads@1.0.1':
    dependencies:
      tslib: 2.7.0
    optional: true

  '@napi-rs/wasm-runtime@0.2.5':
    dependencies:
      '@emnapi/core': 1.3.0
      '@emnapi/runtime': 1.3.0
      '@tybys/wasm-util': 0.9.0
    optional: true

  '@rolldown/binding-darwin-arm64@0.13.2-snapshot-88bcdcf-20241005003245':
    optional: true

  '@rolldown/binding-darwin-x64@0.13.2-snapshot-88bcdcf-20241005003245':
    optional: true

  '@rolldown/binding-freebsd-x64@0.13.2-snapshot-88bcdcf-20241005003245':
    optional: true

  '@rolldown/binding-linux-arm-gnueabihf@0.13.2-snapshot-88bcdcf-20241005003245':
    optional: true

  '@rolldown/binding-linux-arm64-gnu@0.13.2-snapshot-88bcdcf-20241005003245':
    optional: true

  '@rolldown/binding-linux-arm64-musl@0.13.2-snapshot-88bcdcf-20241005003245':
    optional: true

  '@rolldown/binding-linux-x64-gnu@0.13.2-snapshot-88bcdcf-20241005003245':
    optional: true

  '@rolldown/binding-linux-x64-musl@0.13.2-snapshot-88bcdcf-20241005003245':
    optional: true

  '@rolldown/binding-wasm32-wasi@0.13.2-snapshot-88bcdcf-20241005003245':
    dependencies:
      '@napi-rs/wasm-runtime': 0.2.5
    optional: true

  '@rolldown/binding-win32-arm64-msvc@0.13.2-snapshot-88bcdcf-20241005003245':
    optional: true

  '@rolldown/binding-win32-ia32-msvc@0.13.2-snapshot-88bcdcf-20241005003245':
    optional: true

  '@rolldown/binding-win32-x64-msvc@0.13.2-snapshot-88bcdcf-20241005003245':
    optional: true

  '@tybys/wasm-util@0.9.0':
    dependencies:
      tslib: 2.7.0
    optional: true

  rolldown@0.13.2-snapshot-88bcdcf-20241005003245:
    dependencies:
      zod: 3.23.8
    optionalDependencies:
      '@rolldown/binding-darwin-arm64': 0.13.2-snapshot-88bcdcf-20241005003245
      '@rolldown/binding-darwin-x64': 0.13.2-snapshot-88bcdcf-20241005003245
      '@rolldown/binding-freebsd-x64': 0.13.2-snapshot-88bcdcf-20241005003245
      '@rolldown/binding-linux-arm-gnueabihf': 0.13.2-snapshot-88bcdcf-20241005003245
      '@rolldown/binding-linux-arm64-gnu': 0.13.2-snapshot-88bcdcf-20241005003245
      '@rolldown/binding-linux-arm64-musl': 0.13.2-snapshot-88bcdcf-20241005003245
      '@rolldown/binding-linux-x64-gnu': 0.13.2-snapshot-88bcdcf-20241005003245
      '@rolldown/binding-linux-x64-musl': 0.13.2-snapshot-88bcdcf-20241005003245
      '@rolldown/binding-wasm32-wasi': 0.13.2-snapshot-88bcdcf-20241005003245
      '@rolldown/binding-win32-arm64-msvc': 0.13.2-snapshot-88bcdcf-20241005003245
      '@rolldown/binding-win32-ia32-msvc': 0.13.2-snapshot-88bcdcf-20241005003245
      '@rolldown/binding-win32-x64-msvc': 0.13.2-snapshot-88bcdcf-20241005003245

  tslib@2.7.0:
    optional: true

  zod@3.23.8: {}
